// !$*UTF8*$!
{
	archiveVersion = 1;
	classes = {
	};
	objectVersion = 56;
	objects = {

/* Begin PBXBuildFile section */
		3AFCFFB02C49224F00199EE0 /* AppDelegate.swift in Sources */ = {isa = PBXBuildFile; fileRef = 3AFCFFAF2C49224F00199EE0 /* AppDelegate.swift */; };
		3AFCFFB22C49224F00199EE0 /* SceneDelegate.swift in Sources */ = {isa = PBXBuildFile; fileRef = 3AFCFFB12C49224F00199EE0 /* SceneDelegate.swift */; };
		3AFCFFB42C49224F00199EE0 /* ViewController.swift in Sources */ = {isa = PBXBuildFile; fileRef = 3AFCFFB32C49224F00199EE0 /* ViewController.swift */; };
		3AFCFFB92C49225100199EE0 /* Assets.xcassets in Resources */ = {isa = PBXBuildFile; fileRef = 3AFCFFB82C49225100199EE0 /* Assets.xcassets */; };
		3AFCFFBC2C49225100199EE0 /* Base in Resources */ = {isa = PBXBuildFile; fileRef = 3AFCFFBB2C49225100199EE0 /* Base */; };
		3AFCFFC42C49239000199EE0 /* ContentView.swift in Sources */ = {isa = PBXBuildFile; fileRef = 3AFCFFC32C49238F00199EE0 /* ContentView.swift */; };
		3AFCFFC72C492D2D00199EE0 /* Coordinator.swift in Sources */ = {isa = PBXBuildFile; fileRef = 3AFCFFC62C492D2D00199EE0 /* Coordinator.swift */; };
		3AFCFFC92C492D5C00199EE0 /* AppCoordinator.swift in Sources */ = {isa = PBXBuildFile; fileRef = 3AFCFFC82C492D5C00199EE0 /* AppCoordinator.swift */; };
		3AFCFFCE2C492FE200199EE0 /* OnboardingCoordinator.swift in Sources */ = {isa = PBXBuildFile; fileRef = 3AFCFFCD2C492FE200199EE0 /* OnboardingCoordinator.swift */; };
		3AFCFFD02C49301500199EE0 /* OnboardingView.swift in Sources */ = {isa = PBXBuildFile; fileRef = 3AFCFFCF2C49301500199EE0 /* OnboardingView.swift */; };
		3AFCFFD32C49334100199EE0 /* ScaledImageView.swift in Sources */ = {isa = PBXBuildFile; fileRef = 3AFCFFD22C49334100199EE0 /* ScaledImageView.swift */; };
		3AFCFFD52C49356400199EE0 /* MainCoordinator.swift in Sources */ = {isa = PBXBuildFile; fileRef = 3AFCFFD42C49356400199EE0 /* MainCoordinator.swift */; };
		3AFCFFD92C4935D700199EE0 /* FirstTabCoordinator.swift in Sources */ = {isa = PBXBuildFile; fileRef = 3AFCFFD82C4935D700199EE0 /* FirstTabCoordinator.swift */; };
		3AFCFFDB2C49364F00199EE0 /* SecondTabCoordinator.swift in Sources */ = {isa = PBXBuildFile; fileRef = 3AFCFFDA2C49364F00199EE0 /* SecondTabCoordinator.swift */; };
		3AFCFFDF2C4936CF00199EE0 /* FirstDetailView.swift in Sources */ = {isa = PBXBuildFile; fileRef = 3AFCFFDE2C4936CF00199EE0 /* FirstDetailView.swift */; };
		3AFCFFE22C4936FC00199EE0 /* SecondViewController.swift in Sources */ = {isa = PBXBuildFile; fileRef = 3AFCFFE02C4936FC00199EE0 /* SecondViewController.swift */; };
		3AFCFFE32C4936FC00199EE0 /* SecondViewController.xib in Resources */ = {isa = PBXBuildFile; fileRef = 3AFCFFE12C4936FC00199EE0 /* SecondViewController.xib */; };
		3AFCFFE52C49370F00199EE0 /* FirstViewController.swift in Sources */ = {isa = PBXBuildFile; fileRef = 3AFCFFE42C49370F00199EE0 /* FirstViewController.swift */; };
		3AFCFFE72C49432800199EE0 /* FirstTabViewModel.swift in Sources */ = {isa = PBXBuildFile; fileRef = 3AFCFFE62C49432800199EE0 /* FirstTabViewModel.swift */; };
/* End PBXBuildFile section */

/* Begin PBXFileReference section */
		3AFCFFAC2C49224F00199EE0 /* CoordinatorProject.app */ = {isa = PBXFileReference; explicitFileType = wrapper.application; includeInIndex = 0; path = CoordinatorProject.app; sourceTree = BUILT_PRODUCTS_DIR; };
		3AFCFFAF2C49224F00199EE0 /* AppDelegate.swift */ = {isa = PBXFileReference; lastKnownFileType = sourcecode.swift; path = AppDelegate.swift; sourceTree = "<group>"; };
		3AFCFFB12C49224F00199EE0 /* SceneDelegate.swift */ = {isa = PBXFileReference; lastKnownFileType = sourcecode.swift; path = SceneDelegate.swift; sourceTree = "<group>"; };
		3AFCFFB32C49224F00199EE0 /* ViewController.swift */ = {isa = PBXFileReference; lastKnownFileType = sourcecode.swift; path = ViewController.swift; sourceTree = "<group>"; };
		3AFCFFB82C49225100199EE0 /* Assets.xcassets */ = {isa = PBXFileReference; lastKnownFileType = folder.assetcatalog; path = Assets.xcassets; sourceTree = "<group>"; };
		3AFCFFBB2C49225100199EE0 /* Base */ = {isa = PBXFileReference; lastKnownFileType = file.storyboard; name = Base; path = Base.lproj/LaunchScreen.storyboard; sourceTree = "<group>"; };
		3AFCFFBD2C49225100199EE0 /* Info.plist */ = {isa = PBXFileReference; lastKnownFileType = text.plist.xml; path = Info.plist; sourceTree = "<group>"; };
		3AFCFFC32C49238F00199EE0 /* ContentView.swift */ = {isa = PBXFileReference; lastKnownFileType = sourcecode.swift; path = ContentView.swift; sourceTree = "<group>"; };
		3AFCFFC62C492D2D00199EE0 /* Coordinator.swift */ = {isa = PBXFileReference; lastKnownFileType = sourcecode.swift; path = Coordinator.swift; sourceTree = "<group>"; };
		3AFCFFC82C492D5C00199EE0 /* AppCoordinator.swift */ = {isa = PBXFileReference; lastKnownFileType = sourcecode.swift; path = AppCoordinator.swift; sourceTree = "<group>"; };
		3AFCFFCD2C492FE200199EE0 /* OnboardingCoordinator.swift */ = {isa = PBXFileReference; lastKnownFileType = sourcecode.swift; path = OnboardingCoordinator.swift; sourceTree = "<group>"; };
		3AFCFFCF2C49301500199EE0 /* OnboardingView.swift */ = {isa = PBXFileReference; lastKnownFileType = sourcecode.swift; path = OnboardingView.swift; sourceTree = "<group>"; };
		3AFCFFD22C49334100199EE0 /* ScaledImageView.swift */ = {isa = PBXFileReference; lastKnownFileType = sourcecode.swift; path = ScaledImageView.swift; sourceTree = "<group>"; };
		3AFCFFD42C49356400199EE0 /* MainCoordinator.swift */ = {isa = PBXFileReference; lastKnownFileType = sourcecode.swift; path = MainCoordinator.swift; sourceTree = "<group>"; };
		3AFCFFD82C4935D700199EE0 /* FirstTabCoordinator.swift */ = {isa = PBXFileReference; lastKnownFileType = sourcecode.swift; path = FirstTabCoordinator.swift; sourceTree = "<group>"; };
		3AFCFFDA2C49364F00199EE0 /* SecondTabCoordinator.swift */ = {isa = PBXFileReference; lastKnownFileType = sourcecode.swift; path = SecondTabCoordinator.swift; sourceTree = "<group>"; };
		3AFCFFDE2C4936CF00199EE0 /* FirstDetailView.swift */ = {isa = PBXFileReference; lastKnownFileType = sourcecode.swift; path = FirstDetailView.swift; sourceTree = "<group>"; };
		3AFCFFE02C4936FC00199EE0 /* SecondViewController.swift */ = {isa = PBXFileReference; lastKnownFileType = sourcecode.swift; path = SecondViewController.swift; sourceTree = "<group>"; };
		3AFCFFE12C4936FC00199EE0 /* SecondViewController.xib */ = {isa = PBXFileReference; lastKnownFileType = file.xib; path = SecondViewController.xib; sourceTree = "<group>"; };
		3AFCFFE42C49370F00199EE0 /* FirstViewController.swift */ = {isa = PBXFileReference; lastKnownFileType = sourcecode.swift; path = FirstViewController.swift; sourceTree = "<group>"; };
		3AFCFFE62C49432800199EE0 /* FirstTabViewModel.swift */ = {isa = PBXFileReference; lastKnownFileType = sourcecode.swift; path = FirstTabViewModel.swift; sourceTree = "<group>"; };
/* End PBXFileReference section */

/* Begin PBXFrameworksBuildPhase section */
		3AFCFFA92C49224F00199EE0 /* Frameworks */ = {
			isa = PBXFrameworksBuildPhase;
			buildActionMask = 2147483647;
			files = (
			);
			runOnlyForDeploymentPostprocessing = 0;
		};
/* End PBXFrameworksBuildPhase section */

/* Begin PBXGroup section */
		3AFCFFA32C49224F00199EE0 = {
			isa = PBXGroup;
			children = (
				3AFCFFAE2C49224F00199EE0 /* CoordinatorProject */,
				3AFCFFAD2C49224F00199EE0 /* Products */,
			);
			sourceTree = "<group>";
		};
		3AFCFFAD2C49224F00199EE0 /* Products */ = {
			isa = PBXGroup;
			children = (
				3AFCFFAC2C49224F00199EE0 /* CoordinatorProject.app */,
			);
			name = Products;
			sourceTree = "<group>";
		};
		3AFCFFAE2C49224F00199EE0 /* CoordinatorProject */ = {
			isa = PBXGroup;
			children = (
				3AFCFFAF2C49224F00199EE0 /* AppDelegate.swift */,
				3AFCFFC82C492D5C00199EE0 /* AppCoordinator.swift */,
				3AFCFFB12C49224F00199EE0 /* SceneDelegate.swift */,
				3AFCFFC32C49238F00199EE0 /* ContentView.swift */,
				3AFCFFB32C49224F00199EE0 /* ViewController.swift */,
				3AFCFFD12C49332100199EE0 /* Helper */,
				3AFCFFCB2C492FB600199EE0 /* Main */,
				3AFCFFCA2C492FA600199EE0 /* Onboarding */,
				3AFCFFC52C492D0A00199EE0 /* Protocols */,
				3AFCFFBA2C49225100199EE0 /* LaunchScreen.storyboard */,
				3AFCFFBD2C49225100199EE0 /* Info.plist */,
				3AFCFFB82C49225100199EE0 /* Assets.xcassets */,
			);
			path = CoordinatorProject;
			sourceTree = "<group>";
		};
		3AFCFFC52C492D0A00199EE0 /* Protocols */ = {
			isa = PBXGroup;
			children = (
				3AFCFFC62C492D2D00199EE0 /* Coordinator.swift */,
			);
			path = Protocols;
			sourceTree = "<group>";
		};
		3AFCFFCA2C492FA600199EE0 /* Onboarding */ = {
			isa = PBXGroup;
			children = (
				3AFCFFCD2C492FE200199EE0 /* OnboardingCoordinator.swift */,
				3AFCFFCF2C49301500199EE0 /* OnboardingView.swift */,
			);
			path = Onboarding;
			sourceTree = "<group>";
		};
		3AFCFFCB2C492FB600199EE0 /* Main */ = {
			isa = PBXGroup;
			children = (
				3AFCFFD42C49356400199EE0 /* MainCoordinator.swift */,
				3AFCFFD62C4935B100199EE0 /* First */,
				3AFCFFD72C4935B800199EE0 /* Second */,
			);
			path = Main;
			sourceTree = "<group>";
		};
		3AFCFFD12C49332100199EE0 /* Helper */ = {
			isa = PBXGroup;
			children = (
				3AFCFFD22C49334100199EE0 /* ScaledImageView.swift */,
			);
			path = Helper;
			sourceTree = "<group>";
		};
		3AFCFFD62C4935B100199EE0 /* First */ = {
			isa = PBXGroup;
			children = (
				3AFCFFD82C4935D700199EE0 /* FirstTabCoordinator.swift */,
				3AFCFFE42C49370F00199EE0 /* FirstViewController.swift */,
				3AFCFFE62C49432800199EE0 /* FirstTabViewModel.swift */,
				3AFCFFDE2C4936CF00199EE0 /* FirstDetailView.swift */,
			);
			path = First;
			sourceTree = "<group>";
		};
		3AFCFFD72C4935B800199EE0 /* Second */ = {
			isa = PBXGroup;
			children = (
				3AFCFFDA2C49364F00199EE0 /* SecondTabCoordinator.swift */,
				3AFCFFE02C4936FC00199EE0 /* SecondViewController.swift */,
				3AFCFFE12C4936FC00199EE0 /* SecondViewController.xib */,
			);
			path = Second;
			sourceTree = "<group>";
		};
/* End PBXGroup section */

/* Begin PBXNativeTarget section */
		3AFCFFAB2C49224F00199EE0 /* CoordinatorProject */ = {
			isa = PBXNativeTarget;
			buildConfigurationList = 3AFCFFC02C49225100199EE0 /* Build configuration list for PBXNativeTarget "CoordinatorProject" */;
			buildPhases = (
				3AFCFFA82C49224F00199EE0 /* Sources */,
				3AFCFFA92C49224F00199EE0 /* Frameworks */,
				3AFCFFAA2C49224F00199EE0 /* Resources */,
			);
			buildRules = (
			);
			dependencies = (
			);
			name = CoordinatorProject;
			productName = CoordinatorProject;
			productReference = 3AFCFFAC2C49224F00199EE0 /* CoordinatorProject.app */;
			productType = "com.apple.product-type.application";
		};
/* End PBXNativeTarget section */

/* Begin PBXProject section */
		3AFCFFA42C49224F00199EE0 /* Project object */ = {
			isa = PBXProject;
			attributes = {
				BuildIndependentTargetsInParallel = 1;
				LastSwiftUpdateCheck = 1540;
				LastUpgradeCheck = 1540;
				TargetAttributes = {
					3AFCFFAB2C49224F00199EE0 = {
						CreatedOnToolsVersion = 15.4;
					};
				};
			};
			buildConfigurationList = 3AFCFFA72C49224F00199EE0 /* Build configuration list for PBXProject "CoordinatorProject" */;
			compatibilityVersion = "Xcode 14.0";
			developmentRegion = en;
			hasScannedForEncodings = 0;
			knownRegions = (
				en,
				Base,
			);
			mainGroup = 3AFCFFA32C49224F00199EE0;
			productRefGroup = 3AFCFFAD2C49224F00199EE0 /* Products */;
			projectDirPath = "";
			projectRoot = "";
			targets = (
				3AFCFFAB2C49224F00199EE0 /* CoordinatorProject */,
			);
		};
/* End PBXProject section */

/* Begin PBXResourcesBuildPhase section */
		3AFCFFAA2C49224F00199EE0 /* Resources */ = {
			isa = PBXResourcesBuildPhase;
			buildActionMask = 2147483647;
			files = (
				3AFCFFB92C49225100199EE0 /* Assets.xcassets in Resources */,
				3AFCFFBC2C49225100199EE0 /* Base in Resources */,
				3AFCFFE32C4936FC00199EE0 /* SecondViewController.xib in Resources */,
			);
			runOnlyForDeploymentPostprocessing = 0;
		};
/* End PBXResourcesBuildPhase section */

/* Begin PBXSourcesBuildPhase section */
		3AFCFFA82C49224F00199EE0 /* Sources */ = {
			isa = PBXSourcesBuildPhase;
			buildActionMask = 2147483647;
			files = (
				3AFCFFE52C49370F00199EE0 /* FirstViewController.swift in Sources */,
				3AFCFFC92C492D5C00199EE0 /* AppCoordinator.swift in Sources */,
				3AFCFFB42C49224F00199EE0 /* ViewController.swift in Sources */,
				3AFCFFB02C49224F00199EE0 /* AppDelegate.swift in Sources */,
				3AFCFFE22C4936FC00199EE0 /* SecondViewController.swift in Sources */,
				3AFCFFDF2C4936CF00199EE0 /* FirstDetailView.swift in Sources */,
				3AFCFFD52C49356400199EE0 /* MainCoordinator.swift in Sources */,
				3AFCFFDB2C49364F00199EE0 /* SecondTabCoordinator.swift in Sources */,
				3AFCFFCE2C492FE200199EE0 /* OnboardingCoordinator.swift in Sources */,
				3AFCFFC72C492D2D00199EE0 /* Coordinator.swift in Sources */,
				3AFCFFD32C49334100199EE0 /* ScaledImageView.swift in Sources */,
				3AFCFFD92C4935D700199EE0 /* FirstTabCoordinator.swift in Sources */,
				3AFCFFD02C49301500199EE0 /* OnboardingView.swift in Sources */,
				3AFCFFE72C49432800199EE0 /* FirstTabViewModel.swift in Sources */,
				3AFCFFC42C49239000199EE0 /* ContentView.swift in Sources */,
				3AFCFFB22C49224F00199EE0 /* SceneDelegate.swift in Sources */,
			);
			runOnlyForDeploymentPostprocessing = 0;
		};
/* End PBXSourcesBuildPhase section */

/* Begin PBXVariantGroup section */
		3AFCFFBA2C49225100199EE0 /* LaunchScreen.storyboard */ = {
			isa = PBXVariantGroup;
			children = (
				3AFCFFBB2C49225100199EE0 /* Base */,
			);
			name = LaunchScreen.storyboard;
			sourceTree = "<group>";
		};
/* End PBXVariantGroup section */

/* Begin XCBuildConfiguration section */
		3AFCFFBE2C49225100199EE0 /* Debug */ = {
			isa = XCBuildConfiguration;
			buildSettings = {
				ALWAYS_SEARCH_USER_PATHS = NO;
				ASSETCATALOG_COMPILER_GENERATE_SWIFT_ASSET_SYMBOL_EXTENSIONS = YES;
				CLANG_ANALYZER_NONNULL = YES;
				CLANG_ANALYZER_NUMBER_OBJECT_CONVERSION = YES_AGGRESSIVE;
				CLANG_CXX_LANGUAGE_STANDARD = "gnu++20";
				CLANG_ENABLE_MODULES = YES;
				CLANG_ENABLE_OBJC_ARC = YES;
				CLANG_ENABLE_OBJC_WEAK = YES;
				CLANG_WARN_BLOCK_CAPTURE_AUTORELEASING = YES;
				CLANG_WARN_BOOL_CONVERSION = YES;
				CLANG_WARN_COMMA = YES;
				CLANG_WARN_CONSTANT_CONVERSION = YES;
				CLANG_WARN_DEPRECATED_OBJC_IMPLEMENTATIONS = YES;
				CLANG_WARN_DIRECT_OBJC_ISA_USAGE = YES_ERROR;
				CLANG_WARN_DOCUMENTATION_COMMENTS = YES;
				CLANG_WARN_EMPTY_BODY = YES;
				CLANG_WARN_ENUM_CONVERSION = YES;
				CLANG_WARN_INFINITE_RECURSION = YES;
				CLANG_WARN_INT_CONVERSION = YES;
				CLANG_WARN_NON_LITERAL_NULL_CONVERSION = YES;
				CLANG_WARN_OBJC_IMPLICIT_RETAIN_SELF = YES;
				CLANG_WARN_OBJC_LITERAL_CONVERSION = YES;
				CLANG_WARN_OBJC_ROOT_CLASS = YES_ERROR;
				CLANG_WARN_QUOTED_INCLUDE_IN_FRAMEWORK_HEADER = YES;
				CLANG_WARN_RANGE_LOOP_ANALYSIS = YES;
				CLANG_WARN_STRICT_PROTOTYPES = YES;
				CLANG_WARN_SUSPICIOUS_MOVE = YES;
				CLANG_WARN_UNGUARDED_AVAILABILITY = YES_AGGRESSIVE;
				CLANG_WARN_UNREACHABLE_CODE = YES;
				CLANG_WARN__DUPLICATE_METHOD_MATCH = YES;
				COPY_PHASE_STRIP = NO;
				DEBUG_INFORMATION_FORMAT = dwarf;
				ENABLE_STRICT_OBJC_MSGSEND = YES;
				ENABLE_TESTABILITY = YES;
				ENABLE_USER_SCRIPT_SANDBOXING = YES;
				GCC_C_LANGUAGE_STANDARD = gnu17;
				GCC_DYNAMIC_NO_PIC = NO;
				GCC_NO_COMMON_BLOCKS = YES;
				GCC_OPTIMIZATION_LEVEL = 0;
				GCC_PREPROCESSOR_DEFINITIONS = (
					"DEBUG=1",
					"$(inherited)",
				);
				GCC_WARN_64_TO_32_BIT_CONVERSION = YES;
				GCC_WARN_ABOUT_RETURN_TYPE = YES_ERROR;
				GCC_WARN_UNDECLARED_SELECTOR = YES;
				GCC_WARN_UNINITIALIZED_AUTOS = YES_AGGRESSIVE;
				GCC_WARN_UNUSED_FUNCTION = YES;
				GCC_WARN_UNUSED_VARIABLE = YES;
				IPHONEOS_DEPLOYMENT_TARGET = 17.5;
				LOCALIZATION_PREFERS_STRING_CATALOGS = YES;
				MTL_ENABLE_DEBUG_INFO = INCLUDE_SOURCE;
				MTL_FAST_MATH = YES;
				ONLY_ACTIVE_ARCH = YES;
				SDKROOT = iphoneos;
				SWIFT_ACTIVE_COMPILATION_CONDITIONS = "DEBUG $(inherited)";
				SWIFT_OPTIMIZATION_LEVEL = "-Onone";
			};
			name = Debug;
		};
		3AFCFFBF2C49225100199EE0 /* Release */ = {
			isa = XCBuildConfiguration;
			buildSettings = {
				ALWAYS_SEARCH_USER_PATHS = NO;
				ASSETCATALOG_COMPILER_GENERATE_SWIFT_ASSET_SYMBOL_EXTENSIONS = YES;
				CLANG_ANALYZER_NONNULL = YES;
				CLANG_ANALYZER_NUMBER_OBJECT_CONVERSION = YES_AGGRESSIVE;
				CLANG_CXX_LANGUAGE_STANDARD = "gnu++20";
				CLANG_ENABLE_MODULES = YES;
				CLANG_ENABLE_OBJC_ARC = YES;
				CLANG_ENABLE_OBJC_WEAK = YES;
				CLANG_WARN_BLOCK_CAPTURE_AUTORELEASING = YES;
				CLANG_WARN_BOOL_CONVERSION = YES;
				CLANG_WARN_COMMA = YES;
				CLANG_WARN_CONSTANT_CONVERSION = YES;
				CLANG_WARN_DEPRECATED_OBJC_IMPLEMENTATIONS = YES;
				CLANG_WARN_DIRECT_OBJC_ISA_USAGE = YES_ERROR;
				CLANG_WARN_DOCUMENTATION_COMMENTS = YES;
				CLANG_WARN_EMPTY_BODY = YES;
				CLANG_WARN_ENUM_CONVERSION = YES;
				CLANG_WARN_INFINITE_RECURSION = YES;
				CLANG_WARN_INT_CONVERSION = YES;
				CLANG_WARN_NON_LITERAL_NULL_CONVERSION = YES;
				CLANG_WARN_OBJC_IMPLICIT_RETAIN_SELF = YES;
				CLANG_WARN_OBJC_LITERAL_CONVERSION = YES;
				CLANG_WARN_OBJC_ROOT_CLASS = YES_ERROR;
				CLANG_WARN_QUOTED_INCLUDE_IN_FRAMEWORK_HEADER = YES;
				CLANG_WARN_RANGE_LOOP_ANALYSIS = YES;
				CLANG_WARN_STRICT_PROTOTYPES = YES;
				CLANG_WARN_SUSPICIOUS_MOVE = YES;
				CLANG_WARN_UNGUARDED_AVAILABILITY = YES_AGGRESSIVE;
				CLANG_WARN_UNREACHABLE_CODE = YES;
				CLANG_WARN__DUPLICATE_METHOD_MATCH = YES;
				COPY_PHASE_STRIP = NO;
				DEBUG_INFORMATION_FORMAT = "dwarf-with-dsym";
				ENABLE_NS_ASSERTIONS = NO;
				ENABLE_STRICT_OBJC_MSGSEND = YES;
				ENABLE_USER_SCRIPT_SANDBOXING = YES;
				GCC_C_LANGUAGE_STANDARD = gnu17;
				GCC_NO_COMMON_BLOCKS = YES;
				GCC_WARN_64_TO_32_BIT_CONVERSION = YES;
				GCC_WARN_ABOUT_RETURN_TYPE = YES_ERROR;
				GCC_WARN_UNDECLARED_SELECTOR = YES;
				GCC_WARN_UNINITIALIZED_AUTOS = YES_AGGRESSIVE;
				GCC_WARN_UNUSED_FUNCTION = YES;
				GCC_WARN_UNUSED_VARIABLE = YES;
				IPHONEOS_DEPLOYMENT_TARGET = 17.5;
				LOCALIZATION_PREFERS_STRING_CATALOGS = YES;
				MTL_ENABLE_DEBUG_INFO = NO;
				MTL_FAST_MATH = YES;
				SDKROOT = iphoneos;
				SWIFT_COMPILATION_MODE = wholemodule;
				VALIDATE_PRODUCT = YES;
			};
			name = Release;
		};
		3AFCFFC12C49225100199EE0 /* Debug */ = {
			isa = XCBuildConfiguration;
			buildSettings = {
				ASSETCATALOG_COMPILER_APPICON_NAME = AppIcon;
				ASSETCATALOG_COMPILER_GLOBAL_ACCENT_COLOR_NAME = AccentColor;
				CODE_SIGN_STYLE = Automatic;
				CURRENT_PROJECT_VERSION = 1;
				DEVELOPMENT_TEAM = N2LF8DTSP7;
				GENERATE_INFOPLIST_FILE = YES;
				INFOPLIST_FILE = CoordinatorProject/Info.plist;
				INFOPLIST_KEY_UIApplicationSupportsIndirectInputEvents = YES;
				INFOPLIST_KEY_UILaunchStoryboardName = LaunchScreen;
				INFOPLIST_KEY_UISupportedInterfaceOrientations = UIInterfaceOrientationPortrait;
				IPHONEOS_DEPLOYMENT_TARGET = 15.0;
				LD_RUNPATH_SEARCH_PATHS = (
					"$(inherited)",
					"@executable_path/Frameworks",
				);
				MARKETING_VERSION = 1.0;
				PRODUCT_BUNDLE_IDENTIFIER = com.standups.CoordinatorProject;
				PRODUCT_NAME = "$(TARGET_NAME)";
				SWIFT_EMIT_LOC_STRINGS = YES;
				SWIFT_VERSION = 5.0;
				TARGETED_DEVICE_FAMILY = "1,2";
			};
			name = Debug;
		};
		3AFCFFC22C49225100199EE0 /* Release */ = {
			isa = XCBuildConfiguration;
			buildSettings = {
				ASSETCATALOG_COMPILER_APPICON_NAME = AppIcon;
				ASSETCATALOG_COMPILER_GLOBAL_ACCENT_COLOR_NAME = AccentColor;
				CODE_SIGN_STYLE = Automatic;
				CURRENT_PROJECT_VERSION = 1;
				DEVELOPMENT_TEAM = N2LF8DTSP7;
				GENERATE_INFOPLIST_FILE = YES;
				INFOPLIST_FILE = CoordinatorProject/Info.plist;
				INFOPLIST_KEY_UIApplicationSupportsIndirectInputEvents = YES;
				INFOPLIST_KEY_UILaunchStoryboardName = LaunchScreen;
				INFOPLIST_KEY_UISupportedInterfaceOrientations = UIInterfaceOrientationPortrait;
				IPHONEOS_DEPLOYMENT_TARGET = 15.0;
				LD_RUNPATH_SEARCH_PATHS = (
					"$(inherited)",
					"@executable_path/Frameworks",
				);
				MARKETING_VERSION = 1.0;
				PRODUCT_BUNDLE_IDENTIFIER = com.standups.CoordinatorProject;
				PRODUCT_NAME = "$(TARGET_NAME)";
				SWIFT_EMIT_LOC_STRINGS = YES;
				SWIFT_VERSION = 5.0;
				TARGETED_DEVICE_FAMILY = "1,2";
			};
			name = Release;
		};
/* End XCBuildConfiguration section */

/* Begin XCConfigurationList section */
		3AFCFFA72C49224F00199EE0 /* Build configuration list for PBXProject "CoordinatorProject" */ = {
			isa = XCConfigurationList;
			buildConfigurations = (
				3AFCFFBE2C49225100199EE0 /* Debug */,
				3AFCFFBF2C49225100199EE0 /* Release */,
			);
			defaultConfigurationIsVisible = 0;
			defaultConfigurationName = Release;
		};
		3AFCFFC02C49225100199EE0 /* Build configuration list for PBXNativeTarget "CoordinatorProject" */ = {
			isa = XCConfigurationList;
			buildConfigurations = (
				3AFCFFC12C49225100199EE0 /* Debug */,
				3AFCFFC22C49225100199EE0 /* Release */,
			);
			defaultConfigurationIsVisible = 0;
			defaultConfigurationName = Release;
		};
/* End XCConfigurationList section */
	};
	rootObject = 3AFCFFA42C49224F00199EE0 /* Project object */;
}
